
Microsoft Visual Studio Solution File, Format Version 12.00
# Visual Studio 15
VisualStudioVersion = 15.0.27428.2011
MinimumVisualStudioVersion = 10.0.40219.1
Project("{FAE04EC0-301F-11D3-BF4B-00C04F79EFBC}") = "SQLToolkit", "SQLToolkit\SQLToolkit.csproj", "{81BC4E8C-1B5C-4D90-B65E-F6E55EA0E64F}"
EndProject
Global
	GlobalSection(SolutionConfigurationPlatforms) = preSolution
		Debug|Any CPU = Debug|Any CPU
		Release|Any CPU = Release|Any CPU
	EndGlobalSection
	GlobalSection(ProjectConfigurationPlatforms) = postSolution
		{81BC4E8C-1B5C-4D90-B65E-F6E55EA0E64F}.Debug|Any CPU.ActiveCfg = Debug|Any CPU
		{81BC4E8C-1B5C-4D90-B65E-F6E55EA0E64F}.Debug|Any CPU.Build.0 = Debug|Any CPU
		{81BC4E8C-1B5C-4D90-B65E-F6E55EA0E64F}.Release|Any CPU.ActiveCfg = Release|Any CPU
		{81BC4E8C-1B5C-4D90-B65E-F6E55EA0E64F}.Release|Any CPU.Build.0 = Release|Any CPU
	EndGlobalSection
	GlobalSection(SolutionProperties) = preSolution
		HideSolutionNode = FALSE
	EndGlobalSection
	GlobalSection(ExtensibilityGlobals) = postSolution
		SolutionGuid = {B37BF3E0-BF39-4F32-93F4-D1D7CB3127D2}
	EndGlobalSection
EndGlobal
